
Microsoft Visual Studio Solution File, Format Version 12.00
# Visual Studio 15
VisualStudioVersion = 15.0.28307.757
MinimumVisualStudioVersion = 10.0.40219.1
Project("{FAE04EC0-301F-11D3-BF4B-00C04F79EFBC}") = "WPF_Form_With_Database", "WPF_Form_With_Database.csproj", "{D0075A53-E588-4B50-9E28-94E0A7731A8A}"
EndProject
Global
	GlobalSection(SolutionConfigurationPlatforms) = preSolution
		Debug|Any CPU = Debug|Any CPU
		Release|Any CPU = Release|Any CPU
	EndGlobalSection
	GlobalSection(ProjectConfigurationPlatforms) = postSolution
		{D0075A53-E588-4B50-9E28-94E0A7731A8A}.Debug|Any CPU.ActiveCfg = Debug|Any CPU
		{D0075A53-E588-4B50-9E28-94E0A7731A8A}.Debug|Any CPU.Build.0 = Debug|Any CPU
		{D0075A53-E588-4B50-9E28-94E0A7731A8A}.Release|Any CPU.ActiveCfg = Release|Any CPU
		{D0075A53-E588-4B50-9E28-94E0A7731A8A}.Release|Any CPU.Build.0 = Release|Any CPU
	EndGlobalSection
	GlobalSection(SolutionProperties) = preSolution
		HideSolutionNode = FALSE
	EndGlobalSection
	GlobalSection(ExtensibilityGlobals) = postSolution
		SolutionGuid = {9FD61724-1ED7-4A1C-8CA3-CBC498180B13}
	EndGlobalSection
EndGlobal
